
Microsoft Visual Studio Solution File, Format Version 12.00
# Visual Studio Version 16
VisualStudioVersion = 16.0.31911.196
MinimumVisualStudioVersion = 10.0.40219.1
Project("{FAE04EC0-301F-11D3-BF4B-00C04F79EFBC}") = "IntegracjaSteamProjekt", "IntegracjaSteamProjekt\IntegracjaSteamProjekt.csproj", "{A9901396-0FEA-4332-B095-ABB9259EBCFC}"
EndProject
Global
	GlobalSection(SolutionConfigurationPlatforms) = preSolution
		Debug|Any CPU = Debug|Any CPU
		Release|Any CPU = Release|Any CPU
	EndGlobalSection
	GlobalSection(ProjectConfigurationPlatforms) = postSolution
		{A9901396-0FEA-4332-B095-ABB9259EBCFC}.Debug|Any CPU.ActiveCfg = Debug|Any CPU
		{A9901396-0FEA-4332-B095-ABB9259EBCFC}.Debug|Any CPU.Build.0 = Debug|Any CPU
		{A9901396-0FEA-4332-B095-ABB9259EBCFC}.Release|Any CPU.ActiveCfg = Release|Any CPU
		{A9901396-0FEA-4332-B095-ABB9259EBCFC}.Release|Any CPU.Build.0 = Release|Any CPU
	EndGlobalSection
	GlobalSection(SolutionProperties) = preSolution
		HideSolutionNode = FALSE
	EndGlobalSection
	GlobalSection(ExtensibilityGlobals) = postSolution
		SolutionGuid = {ED05AAE1-74D0-4644-ACB9-643D97DD8822}
	EndGlobalSection
EndGlobal
